
Microsoft Visual Studio Solution File, Format Version 12.00
# Visual Studio Version 17
VisualStudioVersion = 17.7.34202.233
MinimumVisualStudioVersion = 10.0.40219.1
Project("{FAE04EC0-301F-11D3-BF4B-00C04F79EFBC}") = "DataAccess", "DataAccess\DataAccess.csproj", "{9E4BED9C-8084-46B8-977B-207750186210}"
EndProject
Project("{FAE04EC0-301F-11D3-BF4B-00C04F79EFBC}") = "Business", "Business\Business.csproj", "{382B3992-4B9B-4B53-9AA4-52B996A3128C}"
EndProject
Project("{FAE04EC0-301F-11D3-BF4B-00C04F79EFBC}") = "Entities", "Entities\Entities.csproj", "{49D00726-9107-4970-8B66-0A549D77545C}"
EndProject
Project("{FAE04EC0-301F-11D3-BF4B-00C04F79EFBC}") = "ConsoleUI", "ConsoleUI\ConsoleUI.csproj", "{AC7DFD42-43B6-45D8-AD76-DCCFA90B659C}"
EndProject
Global
	GlobalSection(SolutionConfigurationPlatforms) = preSolution
		Debug|Any CPU = Debug|Any CPU
		Release|Any CPU = Release|Any CPU
	EndGlobalSection
	GlobalSection(ProjectConfigurationPlatforms) = postSolution
		{9E4BED9C-8084-46B8-977B-207750186210}.Debug|Any CPU.ActiveCfg = Debug|Any CPU
		{9E4BED9C-8084-46B8-977B-207750186210}.Debug|Any CPU.Build.0 = Debug|Any CPU
		{9E4BED9C-8084-46B8-977B-207750186210}.Release|Any CPU.ActiveCfg = Release|Any CPU
		{9E4BED9C-8084-46B8-977B-207750186210}.Release|Any CPU.Build.0 = Release|Any CPU
		{382B3992-4B9B-4B53-9AA4-52B996A3128C}.Debug|Any CPU.ActiveCfg = Debug|Any CPU
		{382B3992-4B9B-4B53-9AA4-52B996A3128C}.Debug|Any CPU.Build.0 = Debug|Any CPU
		{382B3992-4B9B-4B53-9AA4-52B996A3128C}.Release|Any CPU.ActiveCfg = Release|Any CPU
		{382B3992-4B9B-4B53-9AA4-52B996A3128C}.Release|Any CPU.Build.0 = Release|Any CPU
		{49D00726-9107-4970-8B66-0A549D77545C}.Debug|Any CPU.ActiveCfg = Debug|Any CPU
		{49D00726-9107-4970-8B66-0A549D77545C}.Debug|Any CPU.Build.0 = Debug|Any CPU
		{49D00726-9107-4970-8B66-0A549D77545C}.Release|Any CPU.ActiveCfg = Release|Any CPU
		{49D00726-9107-4970-8B66-0A549D77545C}.Release|Any CPU.Build.0 = Release|Any CPU
		{AC7DFD42-43B6-45D8-AD76-DCCFA90B659C}.Debug|Any CPU.ActiveCfg = Debug|Any CPU
		{AC7DFD42-43B6-45D8-AD76-DCCFA90B659C}.Debug|Any CPU.Build.0 = Debug|Any CPU
		{AC7DFD42-43B6-45D8-AD76-DCCFA90B659C}.Release|Any CPU.ActiveCfg = Release|Any CPU
		{AC7DFD42-43B6-45D8-AD76-DCCFA90B659C}.Release|Any CPU.Build.0 = Release|Any CPU
	EndGlobalSection
	GlobalSection(SolutionProperties) = preSolution
		HideSolutionNode = FALSE
	EndGlobalSection
	GlobalSection(ExtensibilityGlobals) = postSolution
		SolutionGuid = {8BCD96CF-B5B0-4D37-9F84-C2ACA782DE91}
	EndGlobalSection
EndGlobal
